// !$*UTF8*$!
{
	archiveVersion = 1;
	classes = {
	};
	objectVersion = 46;
	objects = {

/* Begin PBXBuildFile section */
		697BAE771D1A6F5900BF562B /* main.m in Sources */ = {isa = PBXBuildFile; fileRef = 697BAE761D1A6F5900BF562B /* main.m */; };
		697BAE7A1D1A6F5900BF562B /* AppDelegate.m in Sources */ = {isa = PBXBuildFile; fileRef = 697BAE791D1A6F5900BF562B /* AppDelegate.m */; };
		697BAE821D1A6F5900BF562B /* Assets.xcassets in Resources */ = {isa = PBXBuildFile; fileRef = 697BAE811D1A6F5900BF562B /* Assets.xcassets */; };
		697BAE851D1A6F5900BF562B /* LaunchScreen.storyboard in Resources */ = {isa = PBXBuildFile; fileRef = 697BAE831D1A6F5900BF562B /* LaunchScreen.storyboard */; };
		697BAE941D1A6FAB00BF562B /* NSBundle+Language.m in Sources */ = {isa = PBXBuildFile; fileRef = 697BAE8D1D1A6FAA00BF562B /* NSBundle+Language.m */; };
		697BAE951D1A6FAB00BF562B /* OneController.m in Sources */ = {isa = PBXBuildFile; fileRef = 697BAE8F1D1A6FAA00BF562B /* OneController.m */; };
		697BAE961D1A6FAB00BF562B /* TabbarController.m in Sources */ = {isa = PBXBuildFile; fileRef = 697BAE911D1A6FAA00BF562B /* TabbarController.m */; };
		697BAE971D1A6FAB00BF562B /* TwoViewController.m in Sources */ = {isa = PBXBuildFile; fileRef = 697BAE931D1A6FAB00BF562B /* TwoViewController.m */; };
		697BAEA11D1A714E00BF562B /* Localizable.strings in Resources */ = {isa = PBXBuildFile; fileRef = 697BAEA31D1A714E00BF562B /* Localizable.strings */; };
/* End PBXBuildFile section */

/* Begin PBXFileReference section */
		697BAE721D1A6F5900BF562B /* Language.app */ = {isa = PBXFileReference; explicitFileType = wrapper.application; includeInIndex = 0; path = Language.app; sourceTree = BUILT_PRODUCTS_DIR; };
		697BAE761D1A6F5900BF562B /* main.m */ = {isa = PBXFileReference; lastKnownFileType = sourcecode.c.objc; path = main.m; sourceTree = "<group>"; };
		697BAE781D1A6F5900BF562B /* AppDelegate.h */ = {isa = PBXFileReference; lastKnownFileType = sourcecode.c.h; path = AppDelegate.h; sourceTree = "<group>"; };
		697BAE791D1A6F5900BF562B /* AppDelegate.m */ = {isa = PBXFileReference; lastKnownFileType = sourcecode.c.objc; path = AppDelegate.m; sourceTree = "<group>"; };
		697BAE811D1A6F5900BF562B /* Assets.xcassets */ = {isa = PBXFileReference; lastKnownFileType = folder.assetcatalog; path = Assets.xcassets; sourceTree = "<group>"; };
		697BAE841D1A6F5900BF562B /* Base */ = {isa = PBXFileReference; lastKnownFileType = file.storyboard; name = Base; path = Base.lproj/LaunchScreen.storyboard; sourceTree = "<group>"; };
		697BAE861D1A6F5900BF562B /* Info.plist */ = {isa = PBXFileReference; lastKnownFileType = text.plist.xml; path = Info.plist; sourceTree = "<group>"; };
		697BAE8C1D1A6FAA00BF562B /* NSBundle+Language.h */ = {isa = PBXFileReference; fileEncoding = 4; lastKnownFileType = sourcecode.c.h; path = "NSBundle+Language.h"; sourceTree = "<group>"; };
		697BAE8D1D1A6FAA00BF562B /* NSBundle+Language.m */ = {isa = PBXFileReference; fileEncoding = 4; lastKnownFileType = sourcecode.c.objc; path = "NSBundle+Language.m"; sourceTree = "<group>"; };
		697BAE8E1D1A6FAA00BF562B /* OneController.h */ = {isa = PBXFileReference; fileEncoding = 4; lastKnownFileType = sourcecode.c.h; path = OneController.h; sourceTree = "<group>"; };
		697BAE8F1D1A6FAA00BF562B /* OneController.m */ = {isa = PBXFileReference; fileEncoding = 4; lastKnownFileType = sourcecode.c.objc; path = OneController.m; sourceTree = "<group>"; };
		697BAE901D1A6FAA00BF562B /* TabbarController.h */ = {isa = PBXFileReference; fileEncoding = 4; lastKnownFileType = sourcecode.c.h; path = TabbarController.h; sourceTree = "<group>"; };
		697BAE911D1A6FAA00BF562B /* TabbarController.m */ = {isa = PBXFileReference; fileEncoding = 4; lastKnownFileType = sourcecode.c.objc; path = TabbarController.m; sourceTree = "<group>"; };
		697BAE921D1A6FAB00BF562B /* TwoViewController.h */ = {isa = PBXFileReference; fileEncoding = 4; lastKnownFileType = sourcecode.c.h; path = TwoViewController.h; sourceTree = "<group>"; };
		697BAE931D1A6FAB00BF562B /* TwoViewController.m */ = {isa = PBXFileReference; fileEncoding = 4; lastKnownFileType = sourcecode.c.objc; path = TwoViewController.m; sourceTree = "<group>"; };
		697BAE981D1A6FF700BF562B /* zh-Hans */ = {isa = PBXFileReference; lastKnownFileType = text.plist.strings; name = "zh-Hans"; path = "zh-Hans.lproj/LaunchScreen.strings"; sourceTree = "<group>"; };
		697BAEA21D1A714E00BF562B /* en */ = {isa = PBXFileReference; lastKnownFileType = text.plist.strings; name = en; path = en.lproj/Localizable.strings; sourceTree = "<group>"; };
		697BAEA41D1A715000BF562B /* zh-Hans */ = {isa = PBXFileReference; lastKnownFileType = text.plist.strings; name = "zh-Hans"; path = "zh-Hans.lproj/Localizable.strings"; sourceTree = "<group>"; };
/* End PBXFileReference section */

/* Begin PBXFrameworksBuildPhase section */
		697BAE6F1D1A6F5900BF562B /* Frameworks */ = {
			isa = PBXFrameworksBuildPhase;
			buildActionMask = 2147483647;
			files = (
			);
			runOnlyForDeploymentPostprocessing = 0;
		};
/* End PBXFrameworksBuildPhase section */

/* Begin PBXGroup section */
		697BAE691D1A6F5900BF562B = {
			isa = PBXGroup;
			children = (
				697BAE741D1A6F5900BF562B /* Language */,
				697BAE731D1A6F5900BF562B /* Products */,
			);
			sourceTree = "<group>";
		};
		697BAE731D1A6F5900BF562B /* Products */ = {
			isa = PBXGroup;
			children = (
				697BAE721D1A6F5900BF562B /* Language.app */,
			);
			name = Products;
			sourceTree = "<group>";
		};
		697BAE741D1A6F5900BF562B /* Language */ = {
			isa = PBXGroup;
			children = (
				697BAE8C1D1A6FAA00BF562B /* NSBundle+Language.h */,
				697BAE8D1D1A6FAA00BF562B /* NSBundle+Language.m */,
				697BAE8E1D1A6FAA00BF562B /* OneController.h */,
				697BAE8F1D1A6FAA00BF562B /* OneController.m */,
				697BAE901D1A6FAA00BF562B /* TabbarController.h */,
				697BAE911D1A6FAA00BF562B /* TabbarController.m */,
				697BAE921D1A6FAB00BF562B /* TwoViewController.h */,
				697BAE931D1A6FAB00BF562B /* TwoViewController.m */,
				697BAE781D1A6F5900BF562B /* AppDelegate.h */,
				697BAE791D1A6F5900BF562B /* AppDelegate.m */,
				697BAE811D1A6F5900BF562B /* Assets.xcassets */,
				697BAE831D1A6F5900BF562B /* LaunchScreen.storyboard */,
				697BAE861D1A6F5900BF562B /* Info.plist */,
				697BAE751D1A6F5900BF562B /* Supporting Files */,
				697BAEA31D1A714E00BF562B /* Localizable.strings */,
			);
			path = Language;
			sourceTree = "<group>";
		};
		697BAE751D1A6F5900BF562B /* Supporting Files */ = {
			isa = PBXGroup;
			children = (
				697BAE761D1A6F5900BF562B /* main.m */,
			);
			name = "Supporting Files";
			sourceTree = "<group>";
		};
/* End PBXGroup section */

/* Begin PBXNativeTarget section */
		697BAE711D1A6F5900BF562B /* Language */ = {
			isa = PBXNativeTarget;
			buildConfigurationList = 697BAE891D1A6F5900BF562B /* Build configuration list for PBXNativeTarget "Language" */;
			buildPhases = (
				697BAE6E1D1A6F5900BF562B /* Sources */,
				697BAE6F1D1A6F5900BF562B /* Frameworks */,
				697BAE701D1A6F5900BF562B /* Resources */,
			);
			buildRules = (
			);
			dependencies = (
			);
			name = Language;
			productName = Language;
			productReference = 697BAE721D1A6F5900BF562B /* Language.app */;
			productType = "com.apple.product-type.application";
		};
/* End PBXNativeTarget section */

/* Begin PBXProject section */
		697BAE6A1D1A6F5900BF562B /* Project object */ = {
			isa = PBXProject;
			attributes = {
				LastUpgradeCheck = 0720;
				ORGANIZATIONNAME = joymeng;
				TargetAttributes = {
					697BAE711D1A6F5900BF562B = {
						CreatedOnToolsVersion = 7.2;
					};
				};
			};
			buildConfigurationList = 697BAE6D1D1A6F5900BF562B /* Build configuration list for PBXProject "Language" */;
			compatibilityVersion = "Xcode 3.2";
			developmentRegion = English;
			hasScannedForEncodings = 0;
			knownRegions = (
				en,
				Base,
				"zh-Hans",
			);
			mainGroup = 697BAE691D1A6F5900BF562B;
			productRefGroup = 697BAE731D1A6F5900BF562B /* Products */;
			projectDirPath = "";
			projectRoot = "";
			targets = (
				697BAE711D1A6F5900BF562B /* Language */,
			);
		};
/* End PBXProject section */

/* Begin PBXResourcesBuildPhase section */
		697BAE701D1A6F5900BF562B /* Resources */ = {
			isa = PBXResourcesBuildPhase;
			buildActionMask = 2147483647;
			files = (
				697BAEA11D1A714E00BF562B /* Localizable.strings in Resources */,
				697BAE851D1A6F5900BF562B /* LaunchScreen.storyboard in Resources */,
				697BAE821D1A6F5900BF562B /* Assets.xcassets in Resources */,
			);
			runOnlyForDeploymentPostprocessing = 0;
		};
/* End PBXResourcesBuildPhase section */

/* Begin PBXSourcesBuildPhase section */
		697BAE6E1D1A6F5900BF562B /* Sources */ = {
			isa = PBXSourcesBuildPhase;
			buildActionMask = 2147483647;
			files = (
				697BAE951D1A6FAB00BF562B /* OneController.m in Sources */,
				697BAE7A1D1A6F5900BF562B /* AppDelegate.m in Sources */,
				697BAE771D1A6F5900BF562B /* main.m in Sources */,
				697BAE971D1A6FAB00BF562B /* TwoViewController.m in Sources */,
				697BAE961D1A6FAB00BF562B /* TabbarController.m in Sources */,
				697BAE941D1A6FAB00BF562B /* NSBundle+Language.m in Sources */,
			);
			runOnlyForDeploymentPostprocessing = 0;
		};
/* End PBXSourcesBuildPhase section */

/* Begin PBXVariantGroup section */
		697BAE831D1A6F5900BF562B /* LaunchScreen.storyboard */ = {
			isa = PBXVariantGroup;
			children = (
				697BAE841D1A6F5900BF562B /* Base */,
				697BAE981D1A6FF700BF562B /* zh-Hans */,
			);
			name = LaunchScreen.storyboard;
			sourceTree = "<group>";
		};
		697BAEA31D1A714E00BF562B /* Localizable.strings */ = {
			isa = PBXVariantGroup;
			children = (
				697BAEA21D1A714E00BF562B /* en */,
				697BAEA41D1A715000BF562B /* zh-Hans */,
			);
			name = Localizable.strings;
			sourceTree = "<group>";
		};
/* End PBXVariantGroup section */

/* Begin XCBuildConfiguration section */
		697BAE871D1A6F5900BF562B /* Debug */ = {
			isa = XCBuildConfiguration;
			buildSettings = {
				ALWAYS_SEARCH_USER_PATHS = NO;
				CLANG_CXX_LANGUAGE_STANDARD = "gnu++0x";
				CLANG_CXX_LIBRARY = "libc++";
				CLANG_ENABLE_MODULES = YES;
				CLANG_ENABLE_OBJC_ARC = YES;
				CLANG_WARN_BOOL_CONVERSION = YES;
				CLANG_WARN_CONSTANT_CONVERSION = YES;
				CLANG_WARN_DIRECT_OBJC_ISA_USAGE = YES_ERROR;
				CLANG_WARN_EMPTY_BODY = YES;
				CLANG_WARN_ENUM_CONVERSION = YES;
				CLANG_WARN_INT_CONVERSION = YES;
				CLANG_WARN_OBJC_ROOT_CLASS = YES_ERROR;
				CLANG_WARN_UNREACHABLE_CODE = YES;
				CLANG_WARN__DUPLICATE_METHOD_MATCH = YES;
				"CODE_SIGN_IDENTITY[sdk=iphoneos*]" = "iPhone Developer";
				COPY_PHASE_STRIP = NO;
				DEBUG_INFORMATION_FORMAT = dwarf;
				ENABLE_STRICT_OBJC_MSGSEND = YES;
				ENABLE_TESTABILITY = YES;
				GCC_C_LANGUAGE_STANDARD = gnu99;
				GCC_DYNAMIC_NO_PIC = NO;
				GCC_NO_COMMON_BLOCKS = YES;
				GCC_OPTIMIZATION_LEVEL = 0;
				GCC_PREPROCESSOR_DEFINITIONS = (
					"DEBUG=1",
					"$(inherited)",
				);
				GCC_WARN_64_TO_32_BIT_CONVERSION = YES;
				GCC_WARN_ABOUT_RETURN_TYPE = YES_ERROR;
				GCC_WARN_UNDECLARED_SELECTOR = YES;
				GCC_WARN_UNINITIALIZED_AUTOS = YES_AGGRESSIVE;
				GCC_WARN_UNUSED_FUNCTION = YES;
				GCC_WARN_UNUSED_VARIABLE = YES;
				IPHONEOS_DEPLOYMENT_TARGET = 9.2;
				MTL_ENABLE_DEBUG_INFO = YES;
				ONLY_ACTIVE_ARCH = YES;
				SDKROOT = iphoneos;
			};
			name = Debug;
		};
		697BAE881D1A6F5900BF562B /* Release */ = {
			isa = XCBuildConfiguration;
			buildSettings = {
				ALWAYS_SEARCH_USER_PATHS = NO;
				CLANG_CXX_LANGUAGE_STANDARD = "gnu++0x";
				CLANG_CXX_LIBRARY = "libc++";
				CLANG_ENABLE_MODULES = YES;
				CLANG_ENABLE_OBJC_ARC = YES;
				CLANG_WARN_BOOL_CONVERSION = YES;
				CLANG_WARN_CONSTANT_CONVERSION = YES;
				CLANG_WARN_DIRECT_OBJC_ISA_USAGE = YES_ERROR;
				CLANG_WARN_EMPTY_BODY = YES;
				CLANG_WARN_ENUM_CONVERSION = YES;
				CLANG_WARN_INT_CONVERSION = YES;
				CLANG_WARN_OBJC_ROOT_CLASS = YES_ERROR;
				CLANG_WARN_UNREACHABLE_CODE = YES;
				CLANG_WARN__DUPLICATE_METHOD_MATCH = YES;
				"CODE_SIGN_IDENTITY[sdk=iphoneos*]" = "iPhone Developer";
				COPY_PHASE_STRIP = NO;
				DEBUG_INFORMATION_FORMAT = "dwarf-with-dsym";
				ENABLE_NS_ASSERTIONS = NO;
				ENABLE_STRICT_OBJC_MSGSEND = YES;
				GCC_C_LANGUAGE_STANDARD = gnu99;
				GCC_NO_COMMON_BLOCKS = YES;
				GCC_WARN_64_TO_32_BIT_CONVERSION = YES;
				GCC_WARN_ABOUT_RETURN_TYPE = YES_ERROR;
				GCC_WARN_UNDECLARED_SELECTOR = YES;
				GCC_WARN_UNINITIALIZED_AUTOS = YES_AGGRESSIVE;
				GCC_WARN_UNUSED_FUNCTION = YES;
				GCC_WARN_UNUSED_VARIABLE = YES;
				IPHONEOS_DEPLOYMENT_TARGET = 9.2;
				MTL_ENABLE_DEBUG_INFO = NO;
				SDKROOT = iphoneos;
				VALIDATE_PRODUCT = YES;
			};
			name = Release;
		};
		697BAE8A1D1A6F5900BF562B /* Debug */ = {
			isa = XCBuildConfiguration;
			buildSettings = {
				ASSETCATALOG_COMPILER_APPICON_NAME = AppIcon;
				INFOPLIST_FILE = Language/Info.plist;
				LD_RUNPATH_SEARCH_PATHS = "$(inherited) @executable_path/Frameworks";
				PRODUCT_BUNDLE_IDENTIFIER = com.joymeng.Language;
				PRODUCT_NAME = "$(TARGET_NAME)";
			};
			name = Debug;
		};
		697BAE8B1D1A6F5900BF562B /* Release */ = {
			isa = XCBuildConfiguration;
			buildSettings = {
				ASSETCATALOG_COMPILER_APPICON_NAME = AppIcon;
				INFOPLIST_FILE = Language/Info.plist;
				LD_RUNPATH_SEARCH_PATHS = "$(inherited) @executable_path/Frameworks";
				PRODUCT_BUNDLE_IDENTIFIER = com.joymeng.Language;
				PRODUCT_NAME = "$(TARGET_NAME)";
			};
			name = Release;
		};
/* End XCBuildConfiguration section */

/* Begin XCConfigurationList section */
		697BAE6D1D1A6F5900BF562B /* Build configuration list for PBXProject "Language" */ = {
			isa = XCConfigurationList;
			buildConfigurations = (
				697BAE871D1A6F5900BF562B /* Debug */,
				697BAE881D1A6F5900BF562B /* Release */,
			);
			defaultConfigurationIsVisible = 0;
			defaultConfigurationName = Release;
		};
		697BAE891D1A6F5900BF562B /* Build configuration list for PBXNativeTarget "Language" */ = {
			isa = XCConfigurationList;
			buildConfigurations = (
				697BAE8A1D1A6F5900BF562B /* Debug */,
				697BAE8B1D1A6F5900BF562B /* Release */,
			);
			defaultConfigurationIsVisible = 0;
		};
/* End XCConfigurationList section */
	};
	rootObject = 697BAE6A1D1A6F5900BF562B /* Project object */;
}
